{
  "name": "d3-demo",
  "version": "1.0.0",
  "lockfileVersion": 1,
  "requires": true,
  "dependencies": {
    "commander": {
      "version": "2.17.1",
      "resolved": "http://artifactory/artifactory/api/npm/npm/commander/-/commander-2.17.1.tgz",
      "integrity": "sha1-vXerfebelCBc6sxy8XFtKfIKd78="
    },
    "d3": {
      "version": "5.7.0",
      "resolved": "http://artifactory/artifactory/api/npm/npm/d3/-/d3-5.7.0.tgz",
      "integrity": "sha1-8YnTOL3eYqzwLzCJGODsNN11aPk=",
      "requires": {
        "d3-array": "1.2.4",
        "d3-axis": "1.0.12",
        "d3-brush": "1.0.6",
        "d3-chord": "1.0.6",
        "d3-collection": "1.0.7",
        "d3-color": "1.2.3",
        "d3-contour": "1.3.2",
        "d3-dispatch": "1.0.5",
        "d3-drag": "1.2.3",
        "d3-dsv": "1.0.10",
        "d3-ease": "1.0.5",
        "d3-fetch": "1.1.2",
        "d3-force": "1.1.2",
        "d3-format": "1.3.2",
        "d3-geo": "1.11.1",
        "d3-hierarchy": "1.1.8",
        "d3-interpolate": "1.3.2",
        "d3-path": "1.0.7",
        "d3-polygon": "1.0.5",
        "d3-quadtree": "1.0.5",
        "d3-random": "1.1.2",
        "d3-scale": "2.1.2",
        "d3-scale-chromatic": "1.3.3",
        "d3-selection": "1.3.2",
        "d3-shape": "1.2.2",
        "d3-time": "1.0.10",
        "d3-time-format": "2.1.3",
        "d3-timer": "1.0.9",
        "d3-transition": "1.1.3",
        "d3-voronoi": "1.1.4",
        "d3-zoom": "1.7.3"
      }
    },
    "d3-array": {
      "version": "1.2.4",
      "resolved": "http://artifactory/artifactory/api/npm/npm/d3-array/-/d3-array-1.2.4.tgz",
      "integrity": "sha1-Y1zk1e6nWfb2BYY9vPww7cc39x8="
    },
    "d3-axis": {
      "version": "1.0.12",
      "resolved": "http://artifactory/artifactory/api/npm/npm/d3-axis/-/d3-axis-1.0.12.tgz",
      "integrity": "sha1-zfILohDPu0N5WvM3Vohvs2ONqsk="
    },
    "d3-brush": {
      "version": "1.0.6",
      "resolved": "http://artifactory/artifactory/api/npm/npm/d3-brush/-/d3-brush-1.0.6.tgz",
      "integrity": "sha1-M2kfIDLZ22xdjLaE/yVamINiniE=",
      "requires": {
        "d3-dispatch": "1.0.5",
        "d3-drag": "1.2.3",
        "d3-interpolate": "1.3.2",
        "d3-selection": "1.3.2",
        "d3-transition": "1.1.3"
      }
    },
    "d3-chord": {
      "version": "1.0.6",
      "resolved": "http://artifactory/artifactory/api/npm/npm/d3-chord/-/d3-chord-1.0.6.tgz",
      "integrity": "sha1-MJFX4/LbLHUvAoD+3TXyBnzLsV8=",
      "requires": {
        "d3-array": "1.2.4",
        "d3-path": "1.0.7"
      }
    },
    "d3-collection": {
      "version": "1.0.7",
      "resolved": "http://artifactory/artifactory/api/npm/npm/d3-collection/-/d3-collection-1.0.7.tgz",
      "integrity": "sha1-NJvSqpl32wcQkcExRNXk8WtbMQ4="
    },
    "d3-color": {
      "version": "1.2.3",
      "resolved": "http://artifactory/artifactory/api/npm/npm/d3-color/-/d3-color-1.2.3.tgz",
      "integrity": "sha1-bGe7KvbfPMjXnvzE06PoPijIBI8="
    },
    "d3-contour": {
      "version": "1.3.2",
      "resolved": "http://artifactory/artifactory/api/npm/npm/d3-contour/-/d3-contour-1.3.2.tgz",
      "integrity": "sha1-ZSqs1QDSJkyzQjzuENtp9vWb6tM=",
      "requires": {
        "d3-array": "1.2.4"
      }
    },
    "d3-dispatch": {
      "version": "1.0.5",
      "resolved": "http://artifactory/artifactory/api/npm/npm/d3-dispatch/-/d3-dispatch-1.0.5.tgz",
      "integrity": "sha1-4lwQoYZRfNbILdGeoBjwfgHjkBU="
    },
    "d3-drag": {
      "version": "1.2.3",
      "resolved": "http://artifactory/artifactory/api/npm/npm/d3-drag/-/d3-drag-1.2.3.tgz",
      "integrity": "sha1-RuIGrYY+xGXYjFiAmKHfREzTPGQ=",
      "requires": {
        "d3-dispatch": "1.0.5",
        "d3-selection": "1.3.2"
      }
    },
    "d3-dsv": {
      "version": "1.0.10",
      "resolved": "http://artifactory/artifactory/api/npm/npm/d3-dsv/-/d3-dsv-1.0.10.tgz",
      "integrity": "sha1-Q3HEiaKmVKKXrKFvyvYFpvMab1E=",
      "requires": {
        "commander": "2.17.1",
        "iconv-lite": "0.4.24",
        "rw": "1.3.3"
      }
    },
    "d3-ease": {
      "version": "1.0.5",
      "resolved": "http://artifactory/artifactory/api/npm/npm/d3-ease/-/d3-ease-1.0.5.tgz",
      "integrity": "sha1-jOWSdtgSQbG3IELWry1A522Tb/s="
    },
    "d3-fetch": {
      "version": "1.1.2",
      "resolved": "http://artifactory/artifactory/api/npm/npm/d3-fetch/-/d3-fetch-1.1.2.tgz",
      "integrity": "sha1-lXyPvG1EgFmboZGxslGL+Gs+G+I=",
      "requires": {
        "d3-dsv": "1.0.10"
      }
    },
    "d3-force": {
      "version": "1.1.2",
      "resolved": "http://artifactory/artifactory/api/npm/npm/d3-force/-/d3-force-1.1.2.tgz",
      "integrity": "sha1-FmZNCscdhyfvXv/gs3T+rIBQ1s0=",
      "requires": {
        "d3-collection": "1.0.7",
        "d3-dispatch": "1.0.5",
        "d3-quadtree": "1.0.5",
        "d3-timer": "1.0.9"
      }
    },
    "d3-format": {
      "version": "1.3.2",
      "resolved": "http://artifactory/artifactory/api/npm/npm/d3-format/-/d3-format-1.3.2.tgz",
      "integrity": "sha1-apa14xvLmBIqMIY/fZI2XABgNWI="
    },
    "d3-geo": {
      "version": "1.11.1",
      "resolved": "http://artifactory/artifactory/api/npm/npm/d3-geo/-/d3-geo-1.11.1.tgz",
      "integrity": "sha1-PzXlgsDSkpZhiwKoreD9/7LA5jw=",
      "requires": {
        "d3-array": "1.2.4"
      }
    },
    "d3-hierarchy": {
      "version": "1.1.8",
      "resolved": "http://artifactory/artifactory/api/npm/npm/d3-hierarchy/-/d3-hierarchy-1.1.8.tgz",
      "integrity": "sha1-emMXvT7STjJGQbbx526XiDawCMw="
    },
    "d3-interpolate": {
      "version": "1.3.2",
      "resolved": "http://artifactory/artifactory/api/npm/npm/d3-interpolate/-/d3-interpolate-1.3.2.tgz",
      "integrity": "sha1-QX0+vetLxO/Mj9Q2HFXkBAIR/Wg=",
      "requires": {
        "d3-color": "1.2.3"
      }
    },
    "d3-path": {
      "version": "1.0.7",
      "resolved": "http://artifactory/artifactory/api/npm/npm/d3-path/-/d3-path-1.0.7.tgz",
      "integrity": "sha1-jefNaTp1rAtUgNOrrM2UeT5Yqug="
    },
    "d3-polygon": {
      "version": "1.0.5",
      "resolved": "http://artifactory/artifactory/api/npm/npm/d3-polygon/-/d3-polygon-1.0.5.tgz",
      "integrity": "sha1-mmRaCmT/bL+e/alu4LSmkJGEw2M="
    },
    "d3-quadtree": {
      "version": "1.0.5",
      "resolved": "http://artifactory/artifactory/api/npm/npm/d3-quadtree/-/d3-quadtree-1.0.5.tgz",
      "integrity": "sha1-MFOUhAsB9Ro0Gg2lAIWF6Df+fps="
    },
    "d3-random": {
      "version": "1.1.2",
      "resolved": "http://artifactory/artifactory/api/npm/npm/d3-random/-/d3-random-1.1.2.tgz",
      "integrity": "sha1-KDO+fBJDYL+eLT/U8zhHz+bKspE="
    },
    "d3-scale": {
      "version": "2.1.2",
      "resolved": "http://artifactory/artifactory/api/npm/npm/d3-scale/-/d3-scale-2.1.2.tgz",
      "integrity": "sha1-TpMre2AYKu6Qc+3odkyYQj5fmpQ=",
      "requires": {
        "d3-array": "1.2.4",
        "d3-collection": "1.0.7",
        "d3-format": "1.3.2",
        "d3-interpolate": "1.3.2",
        "d3-time": "1.0.10",
        "d3-time-format": "2.1.3"
      }
    },
    "d3-scale-chromatic": {
      "version": "1.3.3",
      "resolved": "http://artifactory/artifactory/api/npm/npm/d3-scale-chromatic/-/d3-scale-chromatic-1.3.3.tgz",
      "integrity": "sha1-2tQ2bw7csoj0kBKJecPHk1g+08A=",
      "requires": {
        "d3-color": "1.2.3",
        "d3-interpolate": "1.3.2"
      }
    },
    "d3-selection": {
      "version": "1.3.2",
      "resolved": "http://artifactory/artifactory/api/npm/npm/d3-selection/-/d3-selection-1.3.2.tgz",
      "integrity": "sha1-bnCp32CAHIryisJNEActgsv99lI="
    },
    "d3-shape": {
      "version": "1.2.2",
      "resolved": "http://artifactory/artifactory/api/npm/npm/d3-shape/-/d3-shape-1.2.2.tgz",
      "integrity": "sha1-+dujd3pYJfmozovJKNoIwXZ56ac=",
      "requires": {
        "d3-path": "1.0.7"
      }
    },
    "d3-time": {
      "version": "1.0.10",
      "resolved": "http://artifactory/artifactory/api/npm/npm/d3-time/-/d3-time-1.0.10.tgz",
      "integrity": "sha1-glndcSiNcu6s/Y3igcS/XHOTBTw="
    },
    "d3-time-format": {
      "version": "2.1.3",
      "resolved": "http://artifactory/artifactory/api/npm/npm/d3-time-format/-/d3-time-format-2.1.3.tgz",
      "integrity": "sha1-rgb44BJqnWDWNk6sWxUzrhusgms=",
      "requires": {
        "d3-time": "1.0.10"
      }
    },
    "d3-timer": {
      "version": "1.0.9",
      "resolved": "http://artifactory/artifactory/api/npm/npm/d3-timer/-/d3-timer-1.0.9.tgz",
      "integrity": "sha1-97uMDVl9eS/3Ex4cJKNt1HGkcbo="
    },
    "d3-transition": {
      "version": "1.1.3",
      "resolved": "http://artifactory/artifactory/api/npm/npm/d3-transition/-/d3-transition-1.1.3.tgz",
      "integrity": "sha1-OkNbBc6c75Uk/g04Ehz7aQUzHKY=",
      "requires": {
        "d3-color": "1.2.3",
        "d3-dispatch": "1.0.5",
        "d3-ease": "1.0.5",
        "d3-interpolate": "1.3.2",
        "d3-selection": "1.3.2",
        "d3-timer": "1.0.9"
      }
    },
    "d3-voronoi": {
      "version": "1.1.4",
      "resolved": "http://artifactory/artifactory/api/npm/npm/d3-voronoi/-/d3-voronoi-1.1.4.tgz",
      "integrity": "sha1-3Tx412U9K7NZKErkeGRdlZRMgpc="
    },
    "d3-zoom": {
      "version": "1.7.3",
      "resolved": "http://artifactory/artifactory/api/npm/npm/d3-zoom/-/d3-zoom-1.7.3.tgz",
      "integrity": "sha1-9ETv/ckFXDgHfEKZtN+ZnrHUfMs=",
      "requires": {
        "d3-dispatch": "1.0.5",
        "d3-drag": "1.2.3",
        "d3-interpolate": "1.3.2",
        "d3-selection": "1.3.2",
        "d3-transition": "1.1.3"
      }
    },
    "iconv-lite": {
      "version": "0.4.24",
      "resolved": "http://artifactory/artifactory/api/npm/npm/iconv-lite/-/iconv-lite-0.4.24.tgz",
      "integrity": "sha1-ICK0sl+93CHS9SSXSkdKr+czkIs=",
      "requires": {
        "safer-buffer": "2.1.2"
      }
    },
    "moment": {
      "version": "2.22.2",
      "resolved": "http://artifactory/artifactory/api/npm/npm/moment/-/moment-2.22.2.tgz",
      "integrity": "sha1-PCV/mDn8DpP/UxSWMiOeuQeD/2Y="
    },
    "rw": {
      "version": "1.3.3",
      "resolved": "http://artifactory/artifactory/api/npm/npm/rw/-/rw-1.3.3.tgz",
      "integrity": "sha1-P4Yt+pGrdmsUiF700BEkv9oHT7Q="
    },
    "safer-buffer": {
      "version": "2.1.2",
      "resolved": "http://artifactory/artifactory/api/npm/npm/safer-buffer/-/safer-buffer-2.1.2.tgz",
      "integrity": "sha1-RPoWGwGHuVSd2Eu5GAL5vYOFzWo="
    },
    "us-inflation": {
      "version": "1.1.0",
      "resolved": "http://artifactory/artifactory/api/npm/npm/us-inflation/-/us-inflation-1.1.0.tgz",
      "integrity": "sha1-DBrXJbO7k0nmCQnhj5xIuTjzbDo=",
      "dev": true
    }
  }
}
